
Microsoft Visual Studio Solution File, Format Version 12.00
# Visual Studio 14
VisualStudioVersion = 14.0.25420.1
MinimumVisualStudioVersion = 10.0.40219.1
Project("{FAE04EC0-301F-11D3-BF4B-00C04F79EFBC}") = "Diplom.Domain", "Diplom.Domain\Diplom.Domain.csproj", "{ABDD1337-A97D-484C-A8A8-E53A9EDF5252}"
EndProject
Project("{FAE04EC0-301F-11D3-BF4B-00C04F79EFBC}") = "Diplom.Data", "Diplom.Data\Diplom.Data.csproj", "{2069A041-EE05-4F60-BC63-D8E477D9BEA4}"
EndProject
Project("{FAE04EC0-301F-11D3-BF4B-00C04F79EFBC}") = "Diplom.Services", "Diplom.Services\Diplom.Services.csproj", "{FB197BA6-BB8E-4F28-B12D-C58D39C3B6E2}"
EndProject
Project("{FAE04EC0-301F-11D3-BF4B-00C04F79EFBC}") = "Diplom.ViewModels", "Diplom.ViewModels\Diplom.ViewModels.csproj", "{D54706AB-E5FE-4E4D-A8E4-361054DA30CF}"
EndProject
Project("{FAE04EC0-301F-11D3-BF4B-00C04F79EFBC}") = "Diplom.Web", "Diplom.Web\Diplom.Web.csproj", "{04B09DDD-5416-491E-AB15-7A9913405A80}"
EndProject
Global
	GlobalSection(SolutionConfigurationPlatforms) = preSolution
		Debug|Any CPU = Debug|Any CPU
		Release|Any CPU = Release|Any CPU
	EndGlobalSection
	GlobalSection(ProjectConfigurationPlatforms) = postSolution
		{ABDD1337-A97D-484C-A8A8-E53A9EDF5252}.Debug|Any CPU.ActiveCfg = Debug|Any CPU
		{ABDD1337-A97D-484C-A8A8-E53A9EDF5252}.Debug|Any CPU.Build.0 = Debug|Any CPU
		{ABDD1337-A97D-484C-A8A8-E53A9EDF5252}.Release|Any CPU.ActiveCfg = Release|Any CPU
		{ABDD1337-A97D-484C-A8A8-E53A9EDF5252}.Release|Any CPU.Build.0 = Release|Any CPU
		{2069A041-EE05-4F60-BC63-D8E477D9BEA4}.Debug|Any CPU.ActiveCfg = Debug|Any CPU
		{2069A041-EE05-4F60-BC63-D8E477D9BEA4}.Debug|Any CPU.Build.0 = Debug|Any CPU
		{2069A041-EE05-4F60-BC63-D8E477D9BEA4}.Release|Any CPU.ActiveCfg = Release|Any CPU
		{2069A041-EE05-4F60-BC63-D8E477D9BEA4}.Release|Any CPU.Build.0 = Release|Any CPU
		{FB197BA6-BB8E-4F28-B12D-C58D39C3B6E2}.Debug|Any CPU.ActiveCfg = Debug|Any CPU
		{FB197BA6-BB8E-4F28-B12D-C58D39C3B6E2}.Debug|Any CPU.Build.0 = Debug|Any CPU
		{FB197BA6-BB8E-4F28-B12D-C58D39C3B6E2}.Release|Any CPU.ActiveCfg = Release|Any CPU
		{FB197BA6-BB8E-4F28-B12D-C58D39C3B6E2}.Release|Any CPU.Build.0 = Release|Any CPU
		{D54706AB-E5FE-4E4D-A8E4-361054DA30CF}.Debug|Any CPU.ActiveCfg = Debug|Any CPU
		{D54706AB-E5FE-4E4D-A8E4-361054DA30CF}.Debug|Any CPU.Build.0 = Debug|Any CPU
		{D54706AB-E5FE-4E4D-A8E4-361054DA30CF}.Release|Any CPU.ActiveCfg = Release|Any CPU
		{D54706AB-E5FE-4E4D-A8E4-361054DA30CF}.Release|Any CPU.Build.0 = Release|Any CPU
		{04B09DDD-5416-491E-AB15-7A9913405A80}.Debug|Any CPU.ActiveCfg = Debug|Any CPU
		{04B09DDD-5416-491E-AB15-7A9913405A80}.Debug|Any CPU.Build.0 = Debug|Any CPU
		{04B09DDD-5416-491E-AB15-7A9913405A80}.Release|Any CPU.ActiveCfg = Release|Any CPU
		{04B09DDD-5416-491E-AB15-7A9913405A80}.Release|Any CPU.Build.0 = Release|Any CPU
	EndGlobalSection
	GlobalSection(SolutionProperties) = preSolution
		HideSolutionNode = FALSE
	EndGlobalSection
EndGlobal
